[[package]]
name = "lcs"
version = "0.1.0"
source = "git+https://gitlab.com/jD91mZM2/lcs.git#4be2e835d13cf12069fb499aafc163f5eef9777f"

[[package]]
name = "spell"
version = "1.2.0"
dependencies = [
 "lcs 0.1.0 (git+https://gitlab.com/jD91mZM2/lcs.git)",
]

[metadata]
"checksum lcs 0.1.0 (git+https://gitlab.com/jD91mZM2/lcs.git)" = "<none>"
