[[package]]
name = "lcs"
version = "0.2.0"
source = "registry+https://github.com/rust-lang/crates.io-index"

[[package]]
name = "spell"
version = "1.2.0"
dependencies = [
 "lcs 0.2.0 (registry+https://github.com/rust-lang/crates.io-index)",
]

[metadata]
"checksum lcs 0.2.0 (registry+https://github.com/rust-lang/crates.io-index)" = "70048d97b51d107a6cf295d42210d298f0eb7d37f0518b88c816a74b8ce15f41"
